{
    "name": "inspect-email",
    "version": "1.0.0",
    "lockfileVersion": 3,
    "requires": true,
    "packages": {
        "": {
            "name": "inspect-email",
            "version": "1.0.0",
            "license": "MIT",
            "dependencies": {
                "mailcheck": "^1.1.1"
            },
            "devDependencies": {
                "@types/mailcheck": "^1.1.37",
                "@types/node": "^20.10.6",
                "typescript": "^5.3.3"
            }
        },
        "node_modules/@types/jquery": {
            "version": "3.5.29",
            "resolved": "https://registry.npmjs.org/@types/jquery/-/jquery-3.5.29.tgz",
            "integrity": "sha512-oXQQC9X9MOPRrMhPHHOsXqeQDnWeCDT3PelUIg/Oy8FAbzSZtFHRjc7IpbfFVmpLtJ+UOoywpRsuO5Jxjybyeg==",
            "dev": true,
            "dependencies": {
                "@types/sizzle": "*"
            }
        },
        "node_modules/@types/mailcheck": {
            "version": "1.1.37",
            "resolved": "https://registry.npmjs.org/@types/mailcheck/-/mailcheck-1.1.37.tgz",
            "integrity": "sha512-KNM2NLvjJB06hXfSrsOB30E7jC/yCzFCjuMLVlaiXt7/hIJUqjB1ShOi7K/T0uySy/au+7ST+cVGeGYoC7+rSA==",
            "dev": true,
            "dependencies": {
                "@types/jquery": "*"
            }
        },
        "node_modules/@types/node": {
            "version": "20.10.6",
            "resolved": "https://registry.npmjs.org/@types/node/-/node-20.10.6.tgz",
            "integrity": "sha512-Vac8H+NlRNNlAmDfGUP7b5h/KA+AtWIzuXy0E6OyP8f1tCLYAtPvKRRDJjAPqhpCb0t6U2j7/xqAuLEebW2kiw==",
            "dev": true,
            "dependencies": {
                "undici-types": "~5.26.4"
            }
        },
        "node_modules/@types/sizzle": {
            "version": "2.3.8",
            "resolved": "https://registry.npmjs.org/@types/sizzle/-/sizzle-2.3.8.tgz",
            "integrity": "sha512-0vWLNK2D5MT9dg0iOo8GlKguPAU02QjmZitPEsXRuJXU/OGIOt9vT9Fc26wtYuavLxtO45v9PGleoL9Z0k1LHg==",
            "dev": true
        },
        "node_modules/mailcheck": {
            "version": "1.1.1",
            "resolved": "https://registry.npmjs.org/mailcheck/-/mailcheck-1.1.1.tgz",
            "integrity": "sha512-3WjL8+ZDouZwKlyJBMp/4LeziLFXgleOdsYu87piGcMLqhBzCsy2QFdbtAwv757TFC/rtqd738fgJw1tFQCSgA=="
        },
        "node_modules/typescript": {
            "version": "5.3.3",
            "resolved": "https://registry.npmjs.org/typescript/-/typescript-5.3.3.tgz",
            "integrity": "sha512-pXWcraxM0uxAS+tN0AG/BF2TyqmHO014Z070UsJ+pFvYuRSq8KH8DmWpnbXe0pEPDHXZV3FcAbJkijJ5oNEnWw==",
            "dev": true,
            "bin": {
                "tsc": "bin/tsc",
                "tsserver": "bin/tsserver"
            },
            "engines": {
                "node": ">=14.17"
            }
        },
        "node_modules/undici-types": {
            "version": "5.26.5",
            "resolved": "https://registry.npmjs.org/undici-types/-/undici-types-5.26.5.tgz",
            "integrity": "sha512-JlCMO+ehdEIKqlFxk6IfVoAUVmgz7cU7zD/h9XZ0qzeosSHmUJVOzSQvvYSYWXkFXC+IfLKSIffhv0sVZup6pA==",
            "dev": true
        }
    }
}
